
Microsoft Visual Studio Solution File, Format Version 12.00
# Visual Studio Version 16
VisualStudioVersion = 16.0.32106.194
MinimumVisualStudioVersion = 10.0.40219.1
Project("{FAE04EC0-301F-11D3-BF4B-00C04F79EFBC}") = "CMS", "CMS.csproj", "{77BAE1E2-2A31-4FDB-BC57-418E1D254F3A}"
EndProject
Global
	GlobalSection(SolutionConfigurationPlatforms) = preSolution
		Debug|Any CPU = Debug|Any CPU
		Release|Any CPU = Release|Any CPU
	EndGlobalSection
	GlobalSection(ProjectConfigurationPlatforms) = postSolution
		{77BAE1E2-2A31-4FDB-BC57-418E1D254F3A}.Debug|Any CPU.ActiveCfg = Debug|Any CPU
		{77BAE1E2-2A31-4FDB-BC57-418E1D254F3A}.Debug|Any CPU.Build.0 = Debug|Any CPU
		{77BAE1E2-2A31-4FDB-BC57-418E1D254F3A}.Release|Any CPU.ActiveCfg = Release|Any CPU
		{77BAE1E2-2A31-4FDB-BC57-418E1D254F3A}.Release|Any CPU.Build.0 = Release|Any CPU
	EndGlobalSection
	GlobalSection(SolutionProperties) = preSolution
		HideSolutionNode = FALSE
	EndGlobalSection
	GlobalSection(ExtensibilityGlobals) = postSolution
		SolutionGuid = {C31500D3-C074-48B8-85BC-4153BF62CC5B}
	EndGlobalSection
EndGlobal
